
Microsoft Visual Studio Solution File, Format Version 12.00
# Visual Studio Version 17
VisualStudioVersion = 17.4.33213.308
MinimumVisualStudioVersion = 10.0.40219.1
Project("{FAE04EC0-301F-11D3-BF4B-00C04F79EFBC}") = "Click", "Click\Click.csproj", "{B513AFF5-33E8-4789-926D-7EA8D5D24F39}"
EndProject
Global
	GlobalSection(SolutionConfigurationPlatforms) = preSolution
		Debug|Any CPU = Debug|Any CPU
		Release|Any CPU = Release|Any CPU
	EndGlobalSection
	GlobalSection(ProjectConfigurationPlatforms) = postSolution
		{B513AFF5-33E8-4789-926D-7EA8D5D24F39}.Debug|Any CPU.ActiveCfg = Debug|Any CPU
		{B513AFF5-33E8-4789-926D-7EA8D5D24F39}.Debug|Any CPU.Build.0 = Debug|Any CPU
		{B513AFF5-33E8-4789-926D-7EA8D5D24F39}.Release|Any CPU.ActiveCfg = Release|Any CPU
		{B513AFF5-33E8-4789-926D-7EA8D5D24F39}.Release|Any CPU.Build.0 = Release|Any CPU
	EndGlobalSection
	GlobalSection(SolutionProperties) = preSolution
		HideSolutionNode = FALSE
	EndGlobalSection
	GlobalSection(ExtensibilityGlobals) = postSolution
		SolutionGuid = {1C7B552C-ACBD-49D5-8546-43E50F3989A3}
	EndGlobalSection
EndGlobal
